version: 1
toolkit:
  source: .knowledge-kit
  revision: REPLACE_WITH_IMMUTABLE_TOOLKIT_REVISION
  profile: .knowledge/profile.yaml
runtime:
  image: registry.example.org/gnostoa@sha256:0000000000000000000000000000000000000000000000000000000000000000
  revision: REPLACE_WITH_IMMUTABLE_TOOLKIT_REVISION
